
Microsoft Visual Studio Solution File, Format Version 12.00
# Visual Studio Version 17
VisualStudioVersion = 17.13.35825.156 d17.13
MinimumVisualStudioVersion = 10.0.40219.1
Project("{FAE04EC0-301F-11D3-BF4B-00C04F79EFBC}") = "UniEvents", "UniEvents\UniEvents.csproj", "{2530D245-6118-4DCF-91FC-109E5812BCBC}"
EndProject
Global
	GlobalSection(SolutionConfigurationPlatforms) = preSolution
		Debug|Any CPU = Debug|Any CPU
		Release|Any CPU = Release|Any CPU
	EndGlobalSection
	GlobalSection(ProjectConfigurationPlatforms) = postSolution
		{2530D245-6118-4DCF-91FC-109E5812BCBC}.Debug|Any CPU.ActiveCfg = Debug|Any CPU
		{2530D245-6118-4DCF-91FC-109E5812BCBC}.Debug|Any CPU.Build.0 = Debug|Any CPU
		{2530D245-6118-4DCF-91FC-109E5812BCBC}.Release|Any CPU.ActiveCfg = Release|Any CPU
		{2530D245-6118-4DCF-91FC-109E5812BCBC}.Release|Any CPU.Build.0 = Release|Any CPU
	EndGlobalSection
	GlobalSection(SolutionProperties) = preSolution
		HideSolutionNode = FALSE
	EndGlobalSection
	GlobalSection(ExtensibilityGlobals) = postSolution
		SolutionGuid = {BEF62635-75B6-40A9-8F91-7186D68F46B1}
	EndGlobalSection
EndGlobal
